
Microsoft Visual Studio Solution File, Format Version 12.00
# Visual Studio Version 16
VisualStudioVersion = 16.0.29926.136
MinimumVisualStudioVersion = 10.0.40219.1
Project("{9A19103F-16F7-4668-BE54-9A1E7A4F7556}") = "InMemoryCache", "InMemoryCache\InMemoryCache.csproj", "{3BE1F302-5F90-4652-9F8D-8819054A32FD}"
EndProject
Project("{FAE04EC0-301F-11D3-BF4B-00C04F79EFBC}") = "IDistributedCacheRedis", "IDistributedCacheRedis\IDistributedCacheRedis.csproj", "{ECCBD029-7540-4380-84B7-0769E24B2A2C}"
EndProject
Global
	GlobalSection(SolutionConfigurationPlatforms) = preSolution
		Debug|Any CPU = Debug|Any CPU
		Release|Any CPU = Release|Any CPU
	EndGlobalSection
	GlobalSection(ProjectConfigurationPlatforms) = postSolution
		{3BE1F302-5F90-4652-9F8D-8819054A32FD}.Debug|Any CPU.ActiveCfg = Debug|Any CPU
		{3BE1F302-5F90-4652-9F8D-8819054A32FD}.Debug|Any CPU.Build.0 = Debug|Any CPU
		{3BE1F302-5F90-4652-9F8D-8819054A32FD}.Release|Any CPU.ActiveCfg = Release|Any CPU
		{3BE1F302-5F90-4652-9F8D-8819054A32FD}.Release|Any CPU.Build.0 = Release|Any CPU
		{ECCBD029-7540-4380-84B7-0769E24B2A2C}.Debug|Any CPU.ActiveCfg = Debug|Any CPU
		{ECCBD029-7540-4380-84B7-0769E24B2A2C}.Debug|Any CPU.Build.0 = Debug|Any CPU
		{ECCBD029-7540-4380-84B7-0769E24B2A2C}.Release|Any CPU.ActiveCfg = Release|Any CPU
		{ECCBD029-7540-4380-84B7-0769E24B2A2C}.Release|Any CPU.Build.0 = Release|Any CPU
	EndGlobalSection
	GlobalSection(SolutionProperties) = preSolution
		HideSolutionNode = FALSE
	EndGlobalSection
	GlobalSection(ExtensibilityGlobals) = postSolution
		SolutionGuid = {B6274624-DCE1-4F23-88EA-65FE98E2DE0E}
	EndGlobalSection
EndGlobal
